// !$*UTF8*$!
{
	archiveVersion = 1;
	classes = {
	};
	objectVersion = 46;
	objects = {

/* Begin PBXBuildFile section */
		D9739BDD1AB28F8F00617657 /* LessonDetailsViewController.swift in Sources */ = {isa = PBXBuildFile; fileRef = D9739BDC1AB28F8F00617657 /* LessonDetailsViewController.swift */; };
		D99FB04A1AAAA68000057C07 /* AppDelegate.swift in Sources */ = {isa = PBXBuildFile; fileRef = D99FB0491AAAA68000057C07 /* AppDelegate.swift */; };
		D99FB04D1AAAA68000057C07 /* Eikaiwa_22.xcdatamodeld in Sources */ = {isa = PBXBuildFile; fileRef = D99FB04B1AAAA68000057C07 /* Eikaiwa_22.xcdatamodeld */; };
		D99FB04F1AAAA68000057C07 /* MainViewController.swift in Sources */ = {isa = PBXBuildFile; fileRef = D99FB04E1AAAA68000057C07 /* MainViewController.swift */; };
		D99FB0521AAAA68000057C07 /* Main.storyboard in Resources */ = {isa = PBXBuildFile; fileRef = D99FB0501AAAA68000057C07 /* Main.storyboard */; };
		D99FB0541AAAA68000057C07 /* Images.xcassets in Resources */ = {isa = PBXBuildFile; fileRef = D99FB0531AAAA68000057C07 /* Images.xcassets */; };
		D99FB0571AAAA68000057C07 /* LaunchScreen.xib in Resources */ = {isa = PBXBuildFile; fileRef = D99FB0551AAAA68000057C07 /* LaunchScreen.xib */; };
		D99FB0631AAAA68000057C07 /* Eikaiwa_22Tests.swift in Sources */ = {isa = PBXBuildFile; fileRef = D99FB0621AAAA68000057C07 /* Eikaiwa_22Tests.swift */; };
/* End PBXBuildFile section */

/* Begin PBXContainerItemProxy section */
		D99FB05D1AAAA68000057C07 /* PBXContainerItemProxy */ = {
			isa = PBXContainerItemProxy;
			containerPortal = D99FB03C1AAAA68000057C07 /* Project object */;
			proxyType = 1;
			remoteGlobalIDString = D99FB0431AAAA68000057C07;
			remoteInfo = "Eikaiwa-22";
		};
/* End PBXContainerItemProxy section */

/* Begin PBXFileReference section */
		D9739BDC1AB28F8F00617657 /* LessonDetailsViewController.swift */ = {isa = PBXFileReference; fileEncoding = 4; lastKnownFileType = sourcecode.swift; path = LessonDetailsViewController.swift; sourceTree = "<group>"; };
		D99FB0441AAAA68000057C07 /* Eikaiwa-22.app */ = {isa = PBXFileReference; explicitFileType = wrapper.application; includeInIndex = 0; path = "Eikaiwa-22.app"; sourceTree = BUILT_PRODUCTS_DIR; };
		D99FB0481AAAA68000057C07 /* Info.plist */ = {isa = PBXFileReference; lastKnownFileType = text.plist.xml; path = Info.plist; sourceTree = "<group>"; };
		D99FB0491AAAA68000057C07 /* AppDelegate.swift */ = {isa = PBXFileReference; lastKnownFileType = sourcecode.swift; path = AppDelegate.swift; sourceTree = "<group>"; };
		D99FB04C1AAAA68000057C07 /* Eikaiwa_22.xcdatamodel */ = {isa = PBXFileReference; lastKnownFileType = wrapper.xcdatamodel; path = Eikaiwa_22.xcdatamodel; sourceTree = "<group>"; };
		D99FB04E1AAAA68000057C07 /* MainViewController.swift */ = {isa = PBXFileReference; lastKnownFileType = sourcecode.swift; path = MainViewController.swift; sourceTree = "<group>"; };
		D99FB0511AAAA68000057C07 /* Base */ = {isa = PBXFileReference; lastKnownFileType = file.storyboard; name = Base; path = Base.lproj/Main.storyboard; sourceTree = "<group>"; };
		D99FB0531AAAA68000057C07 /* Images.xcassets */ = {isa = PBXFileReference; lastKnownFileType = folder.assetcatalog; path = Images.xcassets; sourceTree = "<group>"; };
		D99FB0561AAAA68000057C07 /* Base */ = {isa = PBXFileReference; lastKnownFileType = file.xib; name = Base; path = Base.lproj/LaunchScreen.xib; sourceTree = "<group>"; };
		D99FB05C1AAAA68000057C07 /* Eikaiwa-22Tests.xctest */ = {isa = PBXFileReference; explicitFileType = wrapper.cfbundle; includeInIndex = 0; path = "Eikaiwa-22Tests.xctest"; sourceTree = BUILT_PRODUCTS_DIR; };
		D99FB0611AAAA68000057C07 /* Info.plist */ = {isa = PBXFileReference; lastKnownFileType = text.plist.xml; path = Info.plist; sourceTree = "<group>"; };
		D99FB0621AAAA68000057C07 /* Eikaiwa_22Tests.swift */ = {isa = PBXFileReference; lastKnownFileType = sourcecode.swift; path = Eikaiwa_22Tests.swift; sourceTree = "<group>"; };
/* End PBXFileReference section */

/* Begin PBXFrameworksBuildPhase section */
		D99FB0411AAAA68000057C07 /* Frameworks */ = {
			isa = PBXFrameworksBuildPhase;
			buildActionMask = 2147483647;
			files = (
			);
			runOnlyForDeploymentPostprocessing = 0;
		};
		D99FB0591AAAA68000057C07 /* Frameworks */ = {
			isa = PBXFrameworksBuildPhase;
			buildActionMask = 2147483647;
			files = (
			);
			runOnlyForDeploymentPostprocessing = 0;
		};
/* End PBXFrameworksBuildPhase section */

/* Begin PBXGroup section */
		D90F9F6F1AC8C07D00985EDD /* Models */ = {
			isa = PBXGroup;
			children = (
				D99FB04B1AAAA68000057C07 /* Eikaiwa_22.xcdatamodeld */,
			);
			name = Models;
			sourceTree = "<group>";
		};
		D90F9F701AC8C09400985EDD /* Shared */ = {
			isa = PBXGroup;
			children = (
				D9739BDC1AB28F8F00617657 /* LessonDetailsViewController.swift */,
				D99FB04E1AAAA68000057C07 /* MainViewController.swift */,
			);
			name = Shared;
			sourceTree = "<group>";
		};
		D90F9F711AC8C0A800985EDD /* Application */ = {
			isa = PBXGroup;
			children = (
				D99FB0491AAAA68000057C07 /* AppDelegate.swift */,
			);
			name = Application;
			sourceTree = "<group>";
		};
		D90F9F721AC8C0B800985EDD /* Resources */ = {
			isa = PBXGroup;
			children = (
				D99FB0501AAAA68000057C07 /* Main.storyboard */,
				D99FB0531AAAA68000057C07 /* Images.xcassets */,
				D99FB0551AAAA68000057C07 /* LaunchScreen.xib */,
			);
			name = Resources;
			sourceTree = "<group>";
		};
		D99FB03B1AAAA68000057C07 = {
			isa = PBXGroup;
			children = (
				D99FB0461AAAA68000057C07 /* Eikaiwa-22 */,
				D99FB05F1AAAA68000057C07 /* Eikaiwa-22Tests */,
				D99FB0451AAAA68000057C07 /* Products */,
			);
			sourceTree = "<group>";
		};
		D99FB0451AAAA68000057C07 /* Products */ = {
			isa = PBXGroup;
			children = (
				D99FB0441AAAA68000057C07 /* Eikaiwa-22.app */,
				D99FB05C1AAAA68000057C07 /* Eikaiwa-22Tests.xctest */,
			);
			name = Products;
			sourceTree = "<group>";
		};
		D99FB0461AAAA68000057C07 /* Eikaiwa-22 */ = {
			isa = PBXGroup;
			children = (
				D90F9F721AC8C0B800985EDD /* Resources */,
				D90F9F711AC8C0A800985EDD /* Application */,
				D90F9F701AC8C09400985EDD /* Shared */,
				D90F9F6F1AC8C07D00985EDD /* Models */,
				D99FB0471AAAA68000057C07 /* Supporting Files */,
			);
			path = "Eikaiwa-22";
			sourceTree = "<group>";
		};
		D99FB0471AAAA68000057C07 /* Supporting Files */ = {
			isa = PBXGroup;
			children = (
				D99FB0481AAAA68000057C07 /* Info.plist */,
			);
			name = "Supporting Files";
			sourceTree = "<group>";
		};
		D99FB05F1AAAA68000057C07 /* Eikaiwa-22Tests */ = {
			isa = PBXGroup;
			children = (
				D99FB0621AAAA68000057C07 /* Eikaiwa_22Tests.swift */,
				D99FB0601AAAA68000057C07 /* Supporting Files */,
			);
			path = "Eikaiwa-22Tests";
			sourceTree = "<group>";
		};
		D99FB0601AAAA68000057C07 /* Supporting Files */ = {
			isa = PBXGroup;
			children = (
				D99FB0611AAAA68000057C07 /* Info.plist */,
			);
			name = "Supporting Files";
			sourceTree = "<group>";
		};
/* End PBXGroup section */

/* Begin PBXNativeTarget section */
		D99FB0431AAAA68000057C07 /* Eikaiwa-22 */ = {
			isa = PBXNativeTarget;
			buildConfigurationList = D99FB0661AAAA68000057C07 /* Build configuration list for PBXNativeTarget "Eikaiwa-22" */;
			buildPhases = (
				D99FB0401AAAA68000057C07 /* Sources */,
				D99FB0411AAAA68000057C07 /* Frameworks */,
				D99FB0421AAAA68000057C07 /* Resources */,
			);
			buildRules = (
			);
			dependencies = (
			);
			name = "Eikaiwa-22";
			productName = "Eikaiwa-22";
			productReference = D99FB0441AAAA68000057C07 /* Eikaiwa-22.app */;
			productType = "com.apple.product-type.application";
		};
		D99FB05B1AAAA68000057C07 /* Eikaiwa-22Tests */ = {
			isa = PBXNativeTarget;
			buildConfigurationList = D99FB0691AAAA68000057C07 /* Build configuration list for PBXNativeTarget "Eikaiwa-22Tests" */;
			buildPhases = (
				D99FB0581AAAA68000057C07 /* Sources */,
				D99FB0591AAAA68000057C07 /* Frameworks */,
				D99FB05A1AAAA68000057C07 /* Resources */,
			);
			buildRules = (
			);
			dependencies = (
				D99FB05E1AAAA68000057C07 /* PBXTargetDependency */,
			);
			name = "Eikaiwa-22Tests";
			productName = "Eikaiwa-22Tests";
			productReference = D99FB05C1AAAA68000057C07 /* Eikaiwa-22Tests.xctest */;
			productType = "com.apple.product-type.bundle.unit-test";
		};
/* End PBXNativeTarget section */

/* Begin PBXProject section */
		D99FB03C1AAAA68000057C07 /* Project object */ = {
			isa = PBXProject;
			attributes = {
				LastUpgradeCheck = 0610;
				ORGANIZATIONNAME = infinitejester;
				TargetAttributes = {
					D99FB0431AAAA68000057C07 = {
						CreatedOnToolsVersion = 6.1.1;
					};
					D99FB05B1AAAA68000057C07 = {
						CreatedOnToolsVersion = 6.1.1;
						TestTargetID = D99FB0431AAAA68000057C07;
					};
				};
			};
			buildConfigurationList = D99FB03F1AAAA68000057C07 /* Build configuration list for PBXProject "Eikaiwa-22" */;
			compatibilityVersion = "Xcode 3.2";
			developmentRegion = English;
			hasScannedForEncodings = 0;
			knownRegions = (
				en,
				Base,
			);
			mainGroup = D99FB03B1AAAA68000057C07;
			productRefGroup = D99FB0451AAAA68000057C07 /* Products */;
			projectDirPath = "";
			projectRoot = "";
			targets = (
				D99FB0431AAAA68000057C07 /* Eikaiwa-22 */,
				D99FB05B1AAAA68000057C07 /* Eikaiwa-22Tests */,
			);
		};
/* End PBXProject section */

/* Begin PBXResourcesBuildPhase section */
		D99FB0421AAAA68000057C07 /* Resources */ = {
			isa = PBXResourcesBuildPhase;
			buildActionMask = 2147483647;
			files = (
				D99FB0521AAAA68000057C07 /* Main.storyboard in Resources */,
				D99FB0571AAAA68000057C07 /* LaunchScreen.xib in Resources */,
				D99FB0541AAAA68000057C07 /* Images.xcassets in Resources */,
			);
			runOnlyForDeploymentPostprocessing = 0;
		};
		D99FB05A1AAAA68000057C07 /* Resources */ = {
			isa = PBXResourcesBuildPhase;
			buildActionMask = 2147483647;
			files = (
			);
			runOnlyForDeploymentPostprocessing = 0;
		};
/* End PBXResourcesBuildPhase section */

/* Begin PBXSourcesBuildPhase section */
		D99FB0401AAAA68000057C07 /* Sources */ = {
			isa = PBXSourcesBuildPhase;
			buildActionMask = 2147483647;
			files = (
				D99FB04F1AAAA68000057C07 /* MainViewController.swift in Sources */,
				D99FB04A1AAAA68000057C07 /* AppDelegate.swift in Sources */,
				D99FB04D1AAAA68000057C07 /* Eikaiwa_22.xcdatamodeld in Sources */,
				D9739BDD1AB28F8F00617657 /* LessonDetailsViewController.swift in Sources */,
			);
			runOnlyForDeploymentPostprocessing = 0;
		};
		D99FB0581AAAA68000057C07 /* Sources */ = {
			isa = PBXSourcesBuildPhase;
			buildActionMask = 2147483647;
			files = (
				D99FB0631AAAA68000057C07 /* Eikaiwa_22Tests.swift in Sources */,
			);
			runOnlyForDeploymentPostprocessing = 0;
		};
/* End PBXSourcesBuildPhase section */

/* Begin PBXTargetDependency section */
		D99FB05E1AAAA68000057C07 /* PBXTargetDependency */ = {
			isa = PBXTargetDependency;
			target = D99FB0431AAAA68000057C07 /* Eikaiwa-22 */;
			targetProxy = D99FB05D1AAAA68000057C07 /* PBXContainerItemProxy */;
		};
/* End PBXTargetDependency section */

/* Begin PBXVariantGroup section */
		D99FB0501AAAA68000057C07 /* Main.storyboard */ = {
			isa = PBXVariantGroup;
			children = (
				D99FB0511AAAA68000057C07 /* Base */,
			);
			name = Main.storyboard;
			sourceTree = "<group>";
		};
		D99FB0551AAAA68000057C07 /* LaunchScreen.xib */ = {
			isa = PBXVariantGroup;
			children = (
				D99FB0561AAAA68000057C07 /* Base */,
			);
			name = LaunchScreen.xib;
			sourceTree = "<group>";
		};
/* End PBXVariantGroup section */

/* Begin XCBuildConfiguration section */
		D99FB0641AAAA68000057C07 /* Debug */ = {
			isa = XCBuildConfiguration;
			buildSettings = {
				ALWAYS_SEARCH_USER_PATHS = NO;
				CLANG_CXX_LANGUAGE_STANDARD = "gnu++0x";
				CLANG_CXX_LIBRARY = "libc++";
				CLANG_ENABLE_MODULES = YES;
				CLANG_ENABLE_OBJC_ARC = YES;
				CLANG_WARN_BOOL_CONVERSION = YES;
				CLANG_WARN_CONSTANT_CONVERSION = YES;
				CLANG_WARN_DIRECT_OBJC_ISA_USAGE = YES_ERROR;
				CLANG_WARN_EMPTY_BODY = YES;
				CLANG_WARN_ENUM_CONVERSION = YES;
				CLANG_WARN_INT_CONVERSION = YES;
				CLANG_WARN_OBJC_ROOT_CLASS = YES_ERROR;
				CLANG_WARN_UNREACHABLE_CODE = YES;
				CLANG_WARN__DUPLICATE_METHOD_MATCH = YES;
				"CODE_SIGN_IDENTITY[sdk=iphoneos*]" = "iPhone Developer";
				COPY_PHASE_STRIP = NO;
				ENABLE_STRICT_OBJC_MSGSEND = YES;
				GCC_C_LANGUAGE_STANDARD = gnu99;
				GCC_DYNAMIC_NO_PIC = NO;
				GCC_OPTIMIZATION_LEVEL = 0;
				GCC_PREPROCESSOR_DEFINITIONS = (
					"DEBUG=1",
					"$(inherited)",
				);
				GCC_SYMBOLS_PRIVATE_EXTERN = NO;
				GCC_WARN_64_TO_32_BIT_CONVERSION = YES;
				GCC_WARN_ABOUT_RETURN_TYPE = YES_ERROR;
				GCC_WARN_UNDECLARED_SELECTOR = YES;
				GCC_WARN_UNINITIALIZED_AUTOS = YES_AGGRESSIVE;
				GCC_WARN_UNUSED_FUNCTION = YES;
				GCC_WARN_UNUSED_VARIABLE = YES;
				IPHONEOS_DEPLOYMENT_TARGET = 8.1;
				MTL_ENABLE_DEBUG_INFO = YES;
				ONLY_ACTIVE_ARCH = YES;
				SDKROOT = iphoneos;
				SWIFT_OBJC_BRIDGING_HEADER = "";
				SWIFT_OPTIMIZATION_LEVEL = "-Onone";
			};
			name = Debug;
		};
		D99FB0651AAAA68000057C07 /* Release */ = {
			isa = XCBuildConfiguration;
			buildSettings = {
				ALWAYS_SEARCH_USER_PATHS = NO;
				CLANG_CXX_LANGUAGE_STANDARD = "gnu++0x";
				CLANG_CXX_LIBRARY = "libc++";
				CLANG_ENABLE_MODULES = YES;
				CLANG_ENABLE_OBJC_ARC = YES;
				CLANG_WARN_BOOL_CONVERSION = YES;
				CLANG_WARN_CONSTANT_CONVERSION = YES;
				CLANG_WARN_DIRECT_OBJC_ISA_USAGE = YES_ERROR;
				CLANG_WARN_EMPTY_BODY = YES;
				CLANG_WARN_ENUM_CONVERSION = YES;
				CLANG_WARN_INT_CONVERSION = YES;
				CLANG_WARN_OBJC_ROOT_CLASS = YES_ERROR;
				CLANG_WARN_UNREACHABLE_CODE = YES;
				CLANG_WARN__DUPLICATE_METHOD_MATCH = YES;
				"CODE_SIGN_IDENTITY[sdk=iphoneos*]" = "iPhone Developer";
				COPY_PHASE_STRIP = YES;
				ENABLE_NS_ASSERTIONS = NO;
				ENABLE_STRICT_OBJC_MSGSEND = YES;
				GCC_C_LANGUAGE_STANDARD = gnu99;
				GCC_WARN_64_TO_32_BIT_CONVERSION = YES;
				GCC_WARN_ABOUT_RETURN_TYPE = YES_ERROR;
				GCC_WARN_UNDECLARED_SELECTOR = YES;
				GCC_WARN_UNINITIALIZED_AUTOS = YES_AGGRESSIVE;
				GCC_WARN_UNUSED_FUNCTION = YES;
				GCC_WARN_UNUSED_VARIABLE = YES;
				IPHONEOS_DEPLOYMENT_TARGET = 8.1;
				MTL_ENABLE_DEBUG_INFO = NO;
				SDKROOT = iphoneos;
				SWIFT_OBJC_BRIDGING_HEADER = "";
				VALIDATE_PRODUCT = YES;
			};
			name = Release;
		};
		D99FB0671AAAA68000057C07 /* Debug */ = {
			isa = XCBuildConfiguration;
			buildSettings = {
				ASSETCATALOG_COMPILER_APPICON_NAME = AppIcon;
				INFOPLIST_FILE = "Eikaiwa-22/Info.plist";
				LD_RUNPATH_SEARCH_PATHS = "$(inherited) @executable_path/Frameworks";
				LIBRARY_SEARCH_PATHS = (
					"$(inherited)",
					"$(PROJECT_DIR)/build/Debug-iphoneos",
				);
				PRODUCT_NAME = "$(TARGET_NAME)";
			};
			name = Debug;
		};
		D99FB0681AAAA68000057C07 /* Release */ = {
			isa = XCBuildConfiguration;
			buildSettings = {
				ASSETCATALOG_COMPILER_APPICON_NAME = AppIcon;
				INFOPLIST_FILE = "Eikaiwa-22/Info.plist";
				LD_RUNPATH_SEARCH_PATHS = "$(inherited) @executable_path/Frameworks";
				LIBRARY_SEARCH_PATHS = (
					"$(inherited)",
					"$(PROJECT_DIR)/build/Debug-iphoneos",
				);
				PRODUCT_NAME = "$(TARGET_NAME)";
			};
			name = Release;
		};
		D99FB06A1AAAA68000057C07 /* Debug */ = {
			isa = XCBuildConfiguration;
			buildSettings = {
				BUNDLE_LOADER = "$(TEST_HOST)";
				FRAMEWORK_SEARCH_PATHS = (
					"$(SDKROOT)/Developer/Library/Frameworks",
					"$(inherited)",
				);
				GCC_PREPROCESSOR_DEFINITIONS = (
					"DEBUG=1",
					"$(inherited)",
				);
				INFOPLIST_FILE = "Eikaiwa-22Tests/Info.plist";
				LD_RUNPATH_SEARCH_PATHS = "$(inherited) @executable_path/Frameworks @loader_path/Frameworks";
				PRODUCT_NAME = "$(TARGET_NAME)";
				TEST_HOST = "$(BUILT_PRODUCTS_DIR)/Eikaiwa-22.app/Eikaiwa-22";
			};
			name = Debug;
		};
		D99FB06B1AAAA68000057C07 /* Release */ = {
			isa = XCBuildConfiguration;
			buildSettings = {
				BUNDLE_LOADER = "$(TEST_HOST)";
				FRAMEWORK_SEARCH_PATHS = (
					"$(SDKROOT)/Developer/Library/Frameworks",
					"$(inherited)",
				);
				INFOPLIST_FILE = "Eikaiwa-22Tests/Info.plist";
				LD_RUNPATH_SEARCH_PATHS = "$(inherited) @executable_path/Frameworks @loader_path/Frameworks";
				PRODUCT_NAME = "$(TARGET_NAME)";
				TEST_HOST = "$(BUILT_PRODUCTS_DIR)/Eikaiwa-22.app/Eikaiwa-22";
			};
			name = Release;
		};
/* End XCBuildConfiguration section */

/* Begin XCConfigurationList section */
		D99FB03F1AAAA68000057C07 /* Build configuration list for PBXProject "Eikaiwa-22" */ = {
			isa = XCConfigurationList;
			buildConfigurations = (
				D99FB0641AAAA68000057C07 /* Debug */,
				D99FB0651AAAA68000057C07 /* Release */,
			);
			defaultConfigurationIsVisible = 0;
			defaultConfigurationName = Release;
		};
		D99FB0661AAAA68000057C07 /* Build configuration list for PBXNativeTarget "Eikaiwa-22" */ = {
			isa = XCConfigurationList;
			buildConfigurations = (
				D99FB0671AAAA68000057C07 /* Debug */,
				D99FB0681AAAA68000057C07 /* Release */,
			);
			defaultConfigurationIsVisible = 0;
			defaultConfigurationName = Release;
		};
		D99FB0691AAAA68000057C07 /* Build configuration list for PBXNativeTarget "Eikaiwa-22Tests" */ = {
			isa = XCConfigurationList;
			buildConfigurations = (
				D99FB06A1AAAA68000057C07 /* Debug */,
				D99FB06B1AAAA68000057C07 /* Release */,
			);
			defaultConfigurationIsVisible = 0;
			defaultConfigurationName = Release;
		};
/* End XCConfigurationList section */

/* Begin XCVersionGroup section */
		D99FB04B1AAAA68000057C07 /* Eikaiwa_22.xcdatamodeld */ = {
			isa = XCVersionGroup;
			children = (
				D99FB04C1AAAA68000057C07 /* Eikaiwa_22.xcdatamodel */,
			);
			currentVersion = D99FB04C1AAAA68000057C07 /* Eikaiwa_22.xcdatamodel */;
			path = Eikaiwa_22.xcdatamodeld;
			sourceTree = "<group>";
			versionGroupType = wrapper.xcdatamodel;
		};
/* End XCVersionGroup section */
	};
	rootObject = D99FB03C1AAAA68000057C07 /* Project object */;
}
